{
    "_meta": {
        "hash": {
            "sha256": "d1faaa95b5ce1f395f96242346a8fd50f73ad24e3ce6c03c1635cdf10f3cbe58"
        },
        "pipfile-spec": 6,
        "requires": {
            "python_version": "3.9"
        },
        "sources": [
            {
                "name": "pypi",
                "url": "https://pypi.org/simple",
                "verify_ssl": true
            }
        ]
    },
    "default": {
        "amqp": {
            "hashes": [
                "sha256:03e16e94f2b34c31f8bf1206d8ddd3ccaa4c315f7f6a1879b7b1210d229568c2",
                "sha256:493a2ac6788ce270a2f6a765b017299f60c1998f5a8617908ee9be082f7300fb"
            ],
            "markers": "python_version >= '3.6'",
            "version": "==5.0.6"
        },
        "asgiref": {
            "hashes": [
                "sha256:4ef1ab46b484e3c706329cedeff284a5d40824200638503f5768edb6de7d58e9",
                "sha256:ffc141aa908e6f175673e7b1b3b7af4fdb0ecb738fc5c8b88f69f055c2415214"
            ],
            "markers": "python_version >= '3.6'",
            "version": "==3.4.1"
        },
        "billiard": {
            "hashes": [
                "sha256:299de5a8da28a783d51b197d496bef4f1595dd023a93a4f59dde1886ae905547",
                "sha256:87103ea78fa6ab4d5c751c4909bcff74617d985de7fa8b672cf8618afd5a875b"
            ],
            "version": "==3.6.4.0"
        },
        "celery": {
            "extras": [
                "redis"
            ],
            "hashes": [
                "sha256:b41a590b49caf8e6498a57db628e580d5f8dc6febda0f42de5d783aed5b7f808",
                "sha256:cc63ea6572d558be65297ba6db7a7979e64c0a3d0d61212d6302ef1ca05a0d22"
            ],
            "index": "pypi",
            "version": "==5.2.1"
        },
        "click": {
            "hashes": [
                "sha256:353f466495adaeb40b6b5f592f9f91cb22372351c84caeb068132442a4518ef3",
                "sha256:410e932b050f5eed773c4cda94de75971c89cdb3155a72a0831139a79e5ecb5b"
            ],
            "markers": "python_version >= '3.6'",
            "version": "==8.0.3"
        },
        "click-didyoumean": {
            "hashes": [
                "sha256:a0713dc7a1de3f06bc0df5a9567ad19ead2d3d5689b434768a6145bff77c0667",
                "sha256:f184f0d851d96b6d29297354ed981b7dd71df7ff500d82fa6d11f0856bee8035"
            ],
            "markers": "python_full_version >= '3.6.2' and python_full_version < '4.0.0'",
            "version": "==0.3.0"
        },
        "click-plugins": {
            "hashes": [
                "sha256:46ab999744a9d831159c3411bb0c79346d94a444df9a3a3742e9ed63645f264b",
                "sha256:5d262006d3222f5057fd81e1623d4443e41dcda5dc815c06b442aa3c02889fc8"
            ],
            "version": "==1.1.1"
        },
        "click-repl": {
            "hashes": [
                "sha256:94b3fbbc9406a236f176e0506524b2937e4b23b6f4c0c0b2a0a83f8a64e9194b",
                "sha256:cd12f68d745bf6151210790540b4cb064c7b13e571bc64b6957d98d120dacfd8"
            ],
            "version": "==0.2.0"
        },
        "django": {
            "hashes": [
                "sha256:51284300f1522ffcdb07ccbdf676a307c6678659e1284f0618e5a774127a6a08",
                "sha256:e22c9266da3eec7827737cde57694d7db801fedac938d252bf27377cec06ed1b"
            ],
            "markers": "python_version >= '3.6'",
            "version": "==3.2.9"
        },
        "django-celery-beat": {
            "hashes": [
                "sha256:97ae5eb309541551bdb07bf60cc57cadacf42a74287560ced2d2c06298620234",
                "sha256:ab43049634fd18dc037927d7c2c7d5f67f95283a20ebbda55f42f8606412e66c"
            ],
            "index": "pypi",
            "version": "==2.2.1"
        },
        "django-celery-results": {
            "hashes": [
                "sha256:cc0285090a306f97f1d4b7929ed98af0475bf6db2568976b3387de4fbe812edc",
                "sha256:d5f83fad9091e52cd6dbb3ca80632153ad14b6cdac4d73258e040f92717237cb"
            ],
            "index": "pypi",
            "version": "==2.2.0"
        },
        "django-timezone-field": {
            "hashes": [
                "sha256:6dc782e31036a58da35b553bd00c70f112d794700025270d8a6a4c1d2e5b26c6",
                "sha256:97780cde658daa5094ae515bb55ca97c1352928ab554041207ad515dee3fe971"
            ],
            "markers": "python_version >= '3.5'",
            "version": "==4.2.1"
        },
        "kombu": {
            "hashes": [
                "sha256:0f5d0763fb916808f617b886697b2be28e6bc35026f08e679697fc814b48a608",
                "sha256:d36f0cde6a18d9eb7b6b3aa62a59bfdff7f5724689850e447eca5be8efc9d501"
            ],
            "markers": "python_version >= '3.7'",
            "version": "==5.2.2"
        },
        "prompt-toolkit": {
            "hashes": [
                "sha256:5f29d62cb7a0ecacfa3d8ceea05a63cd22500543472d64298fc06ddda906b25d",
                "sha256:7053aba00895473cb357819358ef33f11aa97e4ac83d38efb123e5649ceeecaf"
            ],
            "markers": "python_full_version >= '3.6.2'",
            "version": "==3.0.23"
        },
        "python-crontab": {
            "hashes": [
                "sha256:1e35ed7a3cdc3100545b43e196d34754e6551e7f95e4caebbe0e1c0ca41c2f1b"
            ],
            "version": "==2.6.0"
        },
        "python-dateutil": {
            "hashes": [
                "sha256:0123cacc1627ae19ddf3c27a5de5bd67ee4586fbdd6440d9748f8abb483d3e86",
                "sha256:961d03dc3453ebbc59dbdea9e4e11c5651520a876d0f4db161e8674aae935da9"
            ],
            "markers": "python_version >= '2.7' and python_version not in '3.0, 3.1, 3.2, 3.3'",
            "version": "==2.8.2"
        },
        "pytz": {
            "hashes": [
                "sha256:3672058bc3453457b622aab7a1c3bfd5ab0bdae451512f6cf25f64ed37f5b87c",
                "sha256:acad2d8b20a1af07d4e4c9d2e9285c5ed9104354062f275f3fcd88dcef4f1326"
            ],
            "version": "==2021.3"
        },
        "redis": {
            "hashes": [
                "sha256:0e7e0cfca8660dea8b7d5cd8c4f6c5e29e11f31158c0b0ae91a397f00e5a05a2",
                "sha256:432b788c4530cfe16d8d943a09d40ca6c16149727e4afe8c2c9d5580c59d9f24"
            ],
            "index": "pypi",
            "version": "==3.5.3"
        },
        "six": {
            "hashes": [
                "sha256:1e61c37477a1626458e36f7b1d82aa5c9b094fa4802892072e49de9c60c4c926",
                "sha256:8abb2f1d86890a2dfb989f9a77cfcfd3e47c2a354b01111771326f8aa26e0254"
            ],
            "markers": "python_version >= '2.7' and python_version not in '3.0, 3.1, 3.2, 3.3'",
            "version": "==1.16.0"
        },
        "sqlparse": {
            "hashes": [
                "sha256:0c00730c74263a94e5a9919ade150dfc3b19c574389985446148402998287dae",
                "sha256:48719e356bb8b42991bdbb1e8b83223757b93789c00910a616a071910ca4a64d"
            ],
            "markers": "python_version >= '3.5'",
            "version": "==0.4.2"
        },
        "vine": {
            "hashes": [
                "sha256:4c9dceab6f76ed92105027c49c823800dd33cacce13bdedc5b914e3514b7fb30",
                "sha256:7d3b1624a953da82ef63462013bbd271d3eb75751489f9807598e8f340bd637e"
            ],
            "markers": "python_version >= '3.6'",
            "version": "==5.0.0"
        },
        "wcwidth": {
            "hashes": [
                "sha256:beb4802a9cebb9144e99086eff703a642a13d6a0052920003a230f3294bbe784",
                "sha256:c4d647b99872929fdb7bdcaa4fbe7f01413ed3d98077df798530e5b04f116c83"
            ],
            "version": "==0.2.5"
        }
    },
    "develop": {}
}
